
Microsoft Visual Studio Solution File, Format Version 12.00
# Visual Studio Version 17
VisualStudioVersion = 17.14.36908.2
MinimumVisualStudioVersion = 10.0.40219.1
Project("{FAE04EC0-301F-11D3-BF4B-00C04F79EFBC}") = "practice-system", "practice-system\practice-system.csproj", "{69E2DA2C-42A7-49F9-9149-6212DC8F455C}"
EndProject
Project("{FAE04EC0-301F-11D3-BF4B-00C04F79EFBC}") = "practice-system.Tests", "practice-system.Tests\practice-system.Tests.csproj", "{75258B8D-81DB-42D2-B161-3A824C5B4355}"
EndProject
Global
	GlobalSection(SolutionConfigurationPlatforms) = preSolution
		Debug|Any CPU = Debug|Any CPU
		Debug|x64 = Debug|x64
		Debug|x86 = Debug|x86
		Release|Any CPU = Release|Any CPU
		Release|x64 = Release|x64
		Release|x86 = Release|x86
	EndGlobalSection
	GlobalSection(ProjectConfigurationPlatforms) = postSolution
		{69E2DA2C-42A7-49F9-9149-6212DC8F455C}.Debug|Any CPU.ActiveCfg = Debug|Any CPU
		{69E2DA2C-42A7-49F9-9149-6212DC8F455C}.Debug|Any CPU.Build.0 = Debug|Any CPU
		{69E2DA2C-42A7-49F9-9149-6212DC8F455C}.Debug|x64.ActiveCfg = Debug|Any CPU
		{69E2DA2C-42A7-49F9-9149-6212DC8F455C}.Debug|x64.Build.0 = Debug|Any CPU
		{69E2DA2C-42A7-49F9-9149-6212DC8F455C}.Debug|x86.ActiveCfg = Debug|Any CPU
		{69E2DA2C-42A7-49F9-9149-6212DC8F455C}.Debug|x86.Build.0 = Debug|Any CPU
		{69E2DA2C-42A7-49F9-9149-6212DC8F455C}.Release|Any CPU.ActiveCfg = Release|Any CPU
		{69E2DA2C-42A7-49F9-9149-6212DC8F455C}.Release|Any CPU.Build.0 = Release|Any CPU
		{69E2DA2C-42A7-49F9-9149-6212DC8F455C}.Release|x64.ActiveCfg = Release|Any CPU
		{69E2DA2C-42A7-49F9-9149-6212DC8F455C}.Release|x64.Build.0 = Release|Any CPU
		{69E2DA2C-42A7-49F9-9149-6212DC8F455C}.Release|x86.ActiveCfg = Release|Any CPU
		{69E2DA2C-42A7-49F9-9149-6212DC8F455C}.Release|x86.Build.0 = Release|Any CPU
		{75258B8D-81DB-42D2-B161-3A824C5B4355}.Debug|Any CPU.ActiveCfg = Debug|Any CPU
		{75258B8D-81DB-42D2-B161-3A824C5B4355}.Debug|Any CPU.Build.0 = Debug|Any CPU
		{75258B8D-81DB-42D2-B161-3A824C5B4355}.Debug|x64.ActiveCfg = Debug|Any CPU
		{75258B8D-81DB-42D2-B161-3A824C5B4355}.Debug|x64.Build.0 = Debug|Any CPU
		{75258B8D-81DB-42D2-B161-3A824C5B4355}.Debug|x86.ActiveCfg = Debug|Any CPU
		{75258B8D-81DB-42D2-B161-3A824C5B4355}.Debug|x86.Build.0 = Debug|Any CPU
		{75258B8D-81DB-42D2-B161-3A824C5B4355}.Release|Any CPU.ActiveCfg = Release|Any CPU
		{75258B8D-81DB-42D2-B161-3A824C5B4355}.Release|Any CPU.Build.0 = Release|Any CPU
		{75258B8D-81DB-42D2-B161-3A824C5B4355}.Release|x64.ActiveCfg = Release|Any CPU
		{75258B8D-81DB-42D2-B161-3A824C5B4355}.Release|x64.Build.0 = Release|Any CPU
		{75258B8D-81DB-42D2-B161-3A824C5B4355}.Release|x86.ActiveCfg = Release|Any CPU
		{75258B8D-81DB-42D2-B161-3A824C5B4355}.Release|x86.Build.0 = Release|Any CPU
	EndGlobalSection
	GlobalSection(SolutionProperties) = preSolution
		HideSolutionNode = FALSE
	EndGlobalSection
	GlobalSection(ExtensibilityGlobals) = postSolution
		SolutionGuid = {8C669103-F177-418A-B1DD-94F29A9B0E4C}
	EndGlobalSection
EndGlobal
