
Microsoft Visual Studio Solution File, Format Version 12.00
# Visual Studio Version 17
VisualStudioVersion = 17.14.36908.2 d17.14
MinimumVisualStudioVersion = 10.0.40219.1
Project("{FAE04EC0-301F-11D3-BF4B-00C04F79EFBC}") = "practice-system", "practice-system\practice-system.csproj", "{69E2DA2C-42A7-49F9-9149-6212DC8F455C}"
EndProject
Global
	GlobalSection(SolutionConfigurationPlatforms) = preSolution
		Debug|Any CPU = Debug|Any CPU
		Release|Any CPU = Release|Any CPU
	EndGlobalSection
	GlobalSection(ProjectConfigurationPlatforms) = postSolution
		{69E2DA2C-42A7-49F9-9149-6212DC8F455C}.Debug|Any CPU.ActiveCfg = Debug|Any CPU
		{69E2DA2C-42A7-49F9-9149-6212DC8F455C}.Debug|Any CPU.Build.0 = Debug|Any CPU
		{69E2DA2C-42A7-49F9-9149-6212DC8F455C}.Release|Any CPU.ActiveCfg = Release|Any CPU
		{69E2DA2C-42A7-49F9-9149-6212DC8F455C}.Release|Any CPU.Build.0 = Release|Any CPU
	EndGlobalSection
	GlobalSection(SolutionProperties) = preSolution
		HideSolutionNode = FALSE
	EndGlobalSection
	GlobalSection(ExtensibilityGlobals) = postSolution
		SolutionGuid = {8C669103-F177-418A-B1DD-94F29A9B0E4C}
	EndGlobalSection
EndGlobal
